Microsoft Visual Studio Solution File, Format Version 11.00
# Visual Studio 2008

Project("{F00703BA-39A9-2844-A093-2F39AA4D60FD}") = "8queen", "Assembly-CSharp-firstpass.csproj", "{09FD48B2-DF7B-FFA0-68EE-A4A72059ABBB}"
EndProject
Project("{F00703BA-39A9-2844-A093-2F39AA4D60FD}") = "8queen", "Assembly-CSharp.csproj", "{93D684DE-F57A-C604-B41C-33DFC5813A72}"
EndProject
Project("{F00703BA-39A9-2844-A093-2F39AA4D60FD}") = "8queen", "Assembly-CSharp-Editor.csproj", "{61B166DB-52FF-022E-5C1D-9018829AB110}"
EndProject
Project("{F00703BA-39A9-2844-A093-2F39AA4D60FD}") = "8queen", "Assembly-UnityScript-firstpass.unityproj", "{5406A362-6BFC-8521-A43B-4B5330786509}"
EndProject
Project("{F00703BA-39A9-2844-A093-2F39AA4D60FD}") = "8queen", "Assembly-UnityScript.unityproj", "{0CB719C1-16D0-213B-1AF8-1D6081A70690}"
EndProject
Global
	GlobalSection(SolutionConfigurationPlatforms) = preSolution
		Debug|Any CPU = Debug|Any CPU
		Release|Any CPU = Release|Any CPU
	EndGlobalSection
	GlobalSection(ProjectConfigurationPlatforms) = postSolution
		{09FD48B2-DF7B-FFA0-68EE-A4A72059ABBB}.Debug|Any CPU.ActiveCfg = Debug|Any CPU
		{09FD48B2-DF7B-FFA0-68EE-A4A72059ABBB}.Debug|Any CPU.Build.0 = Debug|Any CPU
		{09FD48B2-DF7B-FFA0-68EE-A4A72059ABBB}.Release|Any CPU.ActiveCfg = Release|Any CPU
		{09FD48B2-DF7B-FFA0-68EE-A4A72059ABBB}.Release|Any CPU.Build.0 = Release|Any CPU
		{93D684DE-F57A-C604-B41C-33DFC5813A72}.Debug|Any CPU.ActiveCfg = Debug|Any CPU
		{93D684DE-F57A-C604-B41C-33DFC5813A72}.Debug|Any CPU.Build.0 = Debug|Any CPU
		{93D684DE-F57A-C604-B41C-33DFC5813A72}.Release|Any CPU.ActiveCfg = Release|Any CPU
		{93D684DE-F57A-C604-B41C-33DFC5813A72}.Release|Any CPU.Build.0 = Release|Any CPU
		{61B166DB-52FF-022E-5C1D-9018829AB110}.Debug|Any CPU.ActiveCfg = Debug|Any CPU
		{61B166DB-52FF-022E-5C1D-9018829AB110}.Debug|Any CPU.Build.0 = Debug|Any CPU
		{61B166DB-52FF-022E-5C1D-9018829AB110}.Release|Any CPU.ActiveCfg = Release|Any CPU
		{61B166DB-52FF-022E-5C1D-9018829AB110}.Release|Any CPU.Build.0 = Release|Any CPU
		{5406A362-6BFC-8521-A43B-4B5330786509}.Debug|Any CPU.ActiveCfg = Debug|Any CPU
		{5406A362-6BFC-8521-A43B-4B5330786509}.Debug|Any CPU.Build.0 = Debug|Any CPU
		{5406A362-6BFC-8521-A43B-4B5330786509}.Release|Any CPU.ActiveCfg = Release|Any CPU
		{5406A362-6BFC-8521-A43B-4B5330786509}.Release|Any CPU.Build.0 = Release|Any CPU
		{0CB719C1-16D0-213B-1AF8-1D6081A70690}.Debug|Any CPU.ActiveCfg = Debug|Any CPU
		{0CB719C1-16D0-213B-1AF8-1D6081A70690}.Debug|Any CPU.Build.0 = Debug|Any CPU
		{0CB719C1-16D0-213B-1AF8-1D6081A70690}.Release|Any CPU.ActiveCfg = Release|Any CPU
		{0CB719C1-16D0-213B-1AF8-1D6081A70690}.Release|Any CPU.Build.0 = Release|Any CPU
	EndGlobalSection
	GlobalSection(SolutionProperties) = preSolution
		HideSolutionNode = FALSE
	EndGlobalSection
																																																																																																																											GlobalSection(MonoDevelopProperties) = preSolution
		StartupItem = Assembly-CSharp.csproj
		Policies = $0
		$0.TextStylePolicy = $1
		$1.inheritsSet = null
		$1.scope = text/x-csharp
		$0.CSharpFormattingPolicy = $2
		$2.inheritsSet = Mono
		$2.inheritsScope = text/x-csharp
		$2.scope = text/x-csharp
		$0.TextStylePolicy = $3
		$3.FileWidth = 120
		$3.TabWidth = 4
		$3.EolMarker = Unix
		$3.inheritsSet = Mono
		$3.inheritsScope = text/plain
		$3.scope = text/plain
	EndGlobalSection

EndGlobal
